
Microsoft Visual Studio Solution File, Format Version 12.00
# Visual Studio 2013
VisualStudioVersion = 12.0.31101.0
MinimumVisualStudioVersion = 10.0.40219.1
Project("{FAE04EC0-301F-11D3-BF4B-00C04F79EFBC}") = "Hatzap", "Hatzap\Hatzap.csproj", "{9DBE6731-9BAA-4EB6-A5CB-10D7CC10ACBC}"
EndProject
Project("{FAE04EC0-301F-11D3-BF4B-00C04F79EFBC}") = "HatzapTestApplication", "HatzapTestApplication\HatzapTestApplication.csproj", "{2FD09CAF-46CE-448B-9EAE-507DEF47ADD8}"
EndProject
Project("{FAE04EC0-301F-11D3-BF4B-00C04F79EFBC}") = "OpenTK", "OpenTK\Source\OpenTK\OpenTK.csproj", "{A37A7E14-0000-0000-0000-000000000000}"
EndProject
Project("{2150E333-8FDC-42A3-9474-1A3956D46DE8}") = "Example_Apps", "Example_Apps", "{A34EA762-BA92-4D29-89B5-57967BBABDDC}"
EndProject
Project("{FAE04EC0-301F-11D3-BF4B-00C04F79EFBC}") = "TextureExample", "TextureFilteringExample\TextureExample.csproj", "{8010E18C-F2AB-481E-AB5E-CF8C9F4AB2D3}"
EndProject
Project("{FAE04EC0-301F-11D3-BF4B-00C04F79EFBC}") = "HelloTriangle", "HelloTriangle\HelloTriangle.csproj", "{51C47888-676D-4A84-90FF-DA15ABB29559}"
EndProject
Project("{FAE04EC0-301F-11D3-BF4B-00C04F79EFBC}") = "HatzapTests", "HatzapTests\HatzapTests.csproj", "{DE45D72C-5664-4C86-A85A-E3B6F6A77E5A}"
EndProject
Project("{FAE04EC0-301F-11D3-BF4B-00C04F79EFBC}") = "Hatzap Editor", "Hatzap Editor\Hatzap Editor.csproj", "{5842EF47-9FF5-4FD4-B152-D6020D37D722}"
EndProject
Project("{FAE04EC0-301F-11D3-BF4B-00C04F79EFBC}") = "ModelExample", "ModelExample\ModelExample.csproj", "{6A43431F-6D83-4520-A220-020C20B81573}"
EndProject
Project("{FAE04EC0-301F-11D3-BF4B-00C04F79EFBC}") = "UniformDataExample", "UniformDataExample\UniformDataExample.csproj", "{87657BE4-E568-49C7-B1EF-4173653C3FE9}"
EndProject
Project("{FAE04EC0-301F-11D3-BF4B-00C04F79EFBC}") = "TransparencyExample", "TransparencyExample\TransparencyExample.csproj", "{FCDDBE8E-DF7E-4823-BE8B-2A1203395DEE}"
EndProject
Project("{FAE04EC0-301F-11D3-BF4B-00C04F79EFBC}") = "SpriteExample", "SpriteExample\SpriteExample.csproj", "{ADFBB513-62C4-4E48-A226-2C8CC8A84146}"
EndProject
Project("{FAE04EC0-301F-11D3-BF4B-00C04F79EFBC}") = "InstancingExample", "InstancingExample\InstancingExample.csproj", "{2789B9EC-31C2-4A52-B7DC-C506C2481F56}"
EndProject
Global
	GlobalSection(SolutionConfigurationPlatforms) = preSolution
		Debug|Any CPU = Debug|Any CPU
		Debug|ARM = Debug|ARM
		Debug|x64 = Debug|x64
		Debug|x86 = Debug|x86
		Documentation|Any CPU = Documentation|Any CPU
		Documentation|ARM = Documentation|ARM
		Documentation|x64 = Documentation|x64
		Documentation|x86 = Documentation|x86
		Nsis|Any CPU = Nsis|Any CPU
		Nsis|ARM = Nsis|ARM
		Nsis|x64 = Nsis|x64
		Nsis|x86 = Nsis|x86
		Release|Any CPU = Release|Any CPU
		Release|ARM = Release|ARM
		Release|x64 = Release|x64
		Release|x86 = Release|x86
	EndGlobalSection
	GlobalSection(ProjectConfigurationPlatforms) = postSolution
		{9DBE6731-9BAA-4EB6-A5CB-10D7CC10ACBC}.Debug|Any CPU.ActiveCfg = Debug|Any CPU
		{9DBE6731-9BAA-4EB6-A5CB-10D7CC10ACBC}.Debug|Any CPU.Build.0 = Debug|Any CPU
		{9DBE6731-9BAA-4EB6-A5CB-10D7CC10ACBC}.Debug|ARM.ActiveCfg = Debug|Any CPU
		{9DBE6731-9BAA-4EB6-A5CB-10D7CC10ACBC}.Debug|x64.ActiveCfg = Debug|Any CPU
		{9DBE6731-9BAA-4EB6-A5CB-10D7CC10ACBC}.Debug|x86.ActiveCfg = Debug|Any CPU
		{9DBE6731-9BAA-4EB6-A5CB-10D7CC10ACBC}.Documentation|Any CPU.ActiveCfg = Debug|Any CPU
		{9DBE6731-9BAA-4EB6-A5CB-10D7CC10ACBC}.Documentation|Any CPU.Build.0 = Debug|Any CPU
		{9DBE6731-9BAA-4EB6-A5CB-10D7CC10ACBC}.Documentation|ARM.ActiveCfg = Debug|Any CPU
		{9DBE6731-9BAA-4EB6-A5CB-10D7CC10ACBC}.Documentation|x64.ActiveCfg = Debug|Any CPU
		{9DBE6731-9BAA-4EB6-A5CB-10D7CC10ACBC}.Documentation|x86.ActiveCfg = Debug|Any CPU
		{9DBE6731-9BAA-4EB6-A5CB-10D7CC10ACBC}.Nsis|Any CPU.ActiveCfg = Release|Any CPU
		{9DBE6731-9BAA-4EB6-A5CB-10D7CC10ACBC}.Nsis|Any CPU.Build.0 = Release|Any CPU
		{9DBE6731-9BAA-4EB6-A5CB-10D7CC10ACBC}.Nsis|ARM.ActiveCfg = Release|Any CPU
		{9DBE6731-9BAA-4EB6-A5CB-10D7CC10ACBC}.Nsis|x64.ActiveCfg = Release|Any CPU
		{9DBE6731-9BAA-4EB6-A5CB-10D7CC10ACBC}.Nsis|x86.ActiveCfg = Release|Any CPU
		{9DBE6731-9BAA-4EB6-A5CB-10D7CC10ACBC}.Release|Any CPU.ActiveCfg = Release|Any CPU
		{9DBE6731-9BAA-4EB6-A5CB-10D7CC10ACBC}.Release|Any CPU.Build.0 = Release|Any CPU
		{9DBE6731-9BAA-4EB6-A5CB-10D7CC10ACBC}.Release|ARM.ActiveCfg = Release|Any CPU
		{9DBE6731-9BAA-4EB6-A5CB-10D7CC10ACBC}.Release|x64.ActiveCfg = Release|Any CPU
		{9DBE6731-9BAA-4EB6-A5CB-10D7CC10ACBC}.Release|x86.ActiveCfg = Release|Any CPU
		{2FD09CAF-46CE-448B-9EAE-507DEF47ADD8}.Debug|Any CPU.ActiveCfg = Debug|Any CPU
		{2FD09CAF-46CE-448B-9EAE-507DEF47ADD8}.Debug|Any CPU.Build.0 = Debug|Any CPU
		{2FD09CAF-46CE-448B-9EAE-507DEF47ADD8}.Debug|ARM.ActiveCfg = Debug|Any CPU
		{2FD09CAF-46CE-448B-9EAE-507DEF47ADD8}.Debug|x64.ActiveCfg = Debug|Any CPU
		{2FD09CAF-46CE-448B-9EAE-507DEF47ADD8}.Debug|x86.ActiveCfg = Debug|Any CPU
		{2FD09CAF-46CE-448B-9EAE-507DEF47ADD8}.Documentation|Any CPU.ActiveCfg = Debug|Any CPU
		{2FD09CAF-46CE-448B-9EAE-507DEF47ADD8}.Documentation|Any CPU.Build.0 = Debug|Any CPU
		{2FD09CAF-46CE-448B-9EAE-507DEF47ADD8}.Documentation|ARM.ActiveCfg = Debug|Any CPU
		{2FD09CAF-46CE-448B-9EAE-507DEF47ADD8}.Documentation|x64.ActiveCfg = Debug|Any CPU
		{2FD09CAF-46CE-448B-9EAE-507DEF47ADD8}.Documentation|x86.ActiveCfg = Debug|Any CPU
		{2FD09CAF-46CE-448B-9EAE-507DEF47ADD8}.Nsis|Any CPU.ActiveCfg = Release|Any CPU
		{2FD09CAF-46CE-448B-9EAE-507DEF47ADD8}.Nsis|Any CPU.Build.0 = Release|Any CPU
		{2FD09CAF-46CE-448B-9EAE-507DEF47ADD8}.Nsis|ARM.ActiveCfg = Release|Any CPU
		{2FD09CAF-46CE-448B-9EAE-507DEF47ADD8}.Nsis|x64.ActiveCfg = Release|Any CPU
		{2FD09CAF-46CE-448B-9EAE-507DEF47ADD8}.Nsis|x86.ActiveCfg = Release|Any CPU
		{2FD09CAF-46CE-448B-9EAE-507DEF47ADD8}.Release|Any CPU.ActiveCfg = Release|Any CPU
		{2FD09CAF-46CE-448B-9EAE-507DEF47ADD8}.Release|Any CPU.Build.0 = Release|Any CPU
		{2FD09CAF-46CE-448B-9EAE-507DEF47ADD8}.Release|ARM.ActiveCfg = Release|Any CPU
		{2FD09CAF-46CE-448B-9EAE-507DEF47ADD8}.Release|x64.ActiveCfg = Release|Any CPU
		{2FD09CAF-46CE-448B-9EAE-507DEF47ADD8}.Release|x86.ActiveCfg = Release|Any CPU
		{A37A7E14-0000-0000-0000-000000000000}.Debug|Any CPU.ActiveCfg = Debug|Any CPU
		{A37A7E14-0000-0000-0000-000000000000}.Debug|Any CPU.Build.0 = Debug|Any CPU
		{A37A7E14-0000-0000-0000-000000000000}.Debug|ARM.ActiveCfg = Debug|Any CPU
		{A37A7E14-0000-0000-0000-000000000000}.Debug|x64.ActiveCfg = Debug|Any CPU
		{A37A7E14-0000-0000-0000-000000000000}.Debug|x86.ActiveCfg = Debug|Any CPU
		{A37A7E14-0000-0000-0000-000000000000}.Documentation|Any CPU.ActiveCfg = Documentation|Any CPU
		{A37A7E14-0000-0000-0000-000000000000}.Documentation|Any CPU.Build.0 = Documentation|Any CPU
		{A37A7E14-0000-0000-0000-000000000000}.Documentation|ARM.ActiveCfg = Documentation|Any CPU
		{A37A7E14-0000-0000-0000-000000000000}.Documentation|x64.ActiveCfg = Documentation|Any CPU
		{A37A7E14-0000-0000-0000-000000000000}.Documentation|x86.ActiveCfg = Documentation|Any CPU
		{A37A7E14-0000-0000-0000-000000000000}.Nsis|Any CPU.ActiveCfg = Nsis|Any CPU
		{A37A7E14-0000-0000-0000-000000000000}.Nsis|Any CPU.Build.0 = Nsis|Any CPU
		{A37A7E14-0000-0000-0000-000000000000}.Nsis|ARM.ActiveCfg = Nsis|Any CPU
		{A37A7E14-0000-0000-0000-000000000000}.Nsis|x64.ActiveCfg = Nsis|Any CPU
		{A37A7E14-0000-0000-0000-000000000000}.Nsis|x86.ActiveCfg = Nsis|Any CPU
		{A37A7E14-0000-0000-0000-000000000000}.Release|Any CPU.ActiveCfg = Release|Any CPU
		{A37A7E14-0000-0000-0000-000000000000}.Release|Any CPU.Build.0 = Release|Any CPU
		{A37A7E14-0000-0000-0000-000000000000}.Release|ARM.ActiveCfg = Release|Any CPU
		{A37A7E14-0000-0000-0000-000000000000}.Release|x64.ActiveCfg = Release|Any CPU
		{A37A7E14-0000-0000-0000-000000000000}.Release|x86.ActiveCfg = Release|Any CPU
		{8010E18C-F2AB-481E-AB5E-CF8C9F4AB2D3}.Debug|Any CPU.ActiveCfg = Debug|Any CPU
		{8010E18C-F2AB-481E-AB5E-CF8C9F4AB2D3}.Debug|Any CPU.Build.0 = Debug|Any CPU
		{8010E18C-F2AB-481E-AB5E-CF8C9F4AB2D3}.Debug|ARM.ActiveCfg = Debug|Any CPU
		{8010E18C-F2AB-481E-AB5E-CF8C9F4AB2D3}.Debug|x64.ActiveCfg = Debug|Any CPU
		{8010E18C-F2AB-481E-AB5E-CF8C9F4AB2D3}.Debug|x86.ActiveCfg = Debug|Any CPU
		{8010E18C-F2AB-481E-AB5E-CF8C9F4AB2D3}.Documentation|Any CPU.ActiveCfg = Debug|Any CPU
		{8010E18C-F2AB-481E-AB5E-CF8C9F4AB2D3}.Documentation|Any CPU.Build.0 = Debug|Any CPU
		{8010E18C-F2AB-481E-AB5E-CF8C9F4AB2D3}.Documentation|ARM.ActiveCfg = Debug|Any CPU
		{8010E18C-F2AB-481E-AB5E-CF8C9F4AB2D3}.Documentation|x64.ActiveCfg = Debug|Any CPU
		{8010E18C-F2AB-481E-AB5E-CF8C9F4AB2D3}.Documentation|x86.ActiveCfg = Debug|Any CPU
		{8010E18C-F2AB-481E-AB5E-CF8C9F4AB2D3}.Nsis|Any CPU.ActiveCfg = Release|Any CPU
		{8010E18C-F2AB-481E-AB5E-CF8C9F4AB2D3}.Nsis|Any CPU.Build.0 = Release|Any CPU
		{8010E18C-F2AB-481E-AB5E-CF8C9F4AB2D3}.Nsis|ARM.ActiveCfg = Release|Any CPU
		{8010E18C-F2AB-481E-AB5E-CF8C9F4AB2D3}.Nsis|x64.ActiveCfg = Release|Any CPU
		{8010E18C-F2AB-481E-AB5E-CF8C9F4AB2D3}.Nsis|x86.ActiveCfg = Release|Any CPU
		{8010E18C-F2AB-481E-AB5E-CF8C9F4AB2D3}.Release|Any CPU.ActiveCfg = Release|Any CPU
		{8010E18C-F2AB-481E-AB5E-CF8C9F4AB2D3}.Release|Any CPU.Build.0 = Release|Any CPU
		{8010E18C-F2AB-481E-AB5E-CF8C9F4AB2D3}.Release|ARM.ActiveCfg = Release|Any CPU
		{8010E18C-F2AB-481E-AB5E-CF8C9F4AB2D3}.Release|x64.ActiveCfg = Release|Any CPU
		{8010E18C-F2AB-481E-AB5E-CF8C9F4AB2D3}.Release|x86.ActiveCfg = Release|Any CPU
		{51C47888-676D-4A84-90FF-DA15ABB29559}.Debug|Any CPU.ActiveCfg = Debug|Any CPU
		{51C47888-676D-4A84-90FF-DA15ABB29559}.Debug|Any CPU.Build.0 = Debug|Any CPU
		{51C47888-676D-4A84-90FF-DA15ABB29559}.Debug|ARM.ActiveCfg = Debug|Any CPU
		{51C47888-676D-4A84-90FF-DA15ABB29559}.Debug|x64.ActiveCfg = Debug|Any CPU
		{51C47888-676D-4A84-90FF-DA15ABB29559}.Debug|x86.ActiveCfg = Debug|Any CPU
		{51C47888-676D-4A84-90FF-DA15ABB29559}.Documentation|Any CPU.ActiveCfg = Debug|Any CPU
		{51C47888-676D-4A84-90FF-DA15ABB29559}.Documentation|Any CPU.Build.0 = Debug|Any CPU
		{51C47888-676D-4A84-90FF-DA15ABB29559}.Documentation|ARM.ActiveCfg = Debug|Any CPU
		{51C47888-676D-4A84-90FF-DA15ABB29559}.Documentation|x64.ActiveCfg = Debug|Any CPU
		{51C47888-676D-4A84-90FF-DA15ABB29559}.Documentation|x86.ActiveCfg = Debug|Any CPU
		{51C47888-676D-4A84-90FF-DA15ABB29559}.Nsis|Any CPU.ActiveCfg = Release|Any CPU
		{51C47888-676D-4A84-90FF-DA15ABB29559}.Nsis|Any CPU.Build.0 = Release|Any CPU
		{51C47888-676D-4A84-90FF-DA15ABB29559}.Nsis|ARM.ActiveCfg = Release|Any CPU
		{51C47888-676D-4A84-90FF-DA15ABB29559}.Nsis|x64.ActiveCfg = Release|Any CPU
		{51C47888-676D-4A84-90FF-DA15ABB29559}.Nsis|x86.ActiveCfg = Release|Any CPU
		{51C47888-676D-4A84-90FF-DA15ABB29559}.Release|Any CPU.ActiveCfg = Release|Any CPU
		{51C47888-676D-4A84-90FF-DA15ABB29559}.Release|Any CPU.Build.0 = Release|Any CPU
		{51C47888-676D-4A84-90FF-DA15ABB29559}.Release|ARM.ActiveCfg = Release|Any CPU
		{51C47888-676D-4A84-90FF-DA15ABB29559}.Release|x64.ActiveCfg = Release|Any CPU
		{51C47888-676D-4A84-90FF-DA15ABB29559}.Release|x86.ActiveCfg = Release|Any CPU
		{DE45D72C-5664-4C86-A85A-E3B6F6A77E5A}.Debug|Any CPU.ActiveCfg = Debug|Any CPU
		{DE45D72C-5664-4C86-A85A-E3B6F6A77E5A}.Debug|Any CPU.Build.0 = Debug|Any CPU
		{DE45D72C-5664-4C86-A85A-E3B6F6A77E5A}.Debug|ARM.ActiveCfg = Debug|Any CPU
		{DE45D72C-5664-4C86-A85A-E3B6F6A77E5A}.Debug|x64.ActiveCfg = Debug|Any CPU
		{DE45D72C-5664-4C86-A85A-E3B6F6A77E5A}.Debug|x86.ActiveCfg = Debug|Any CPU
		{DE45D72C-5664-4C86-A85A-E3B6F6A77E5A}.Documentation|Any CPU.ActiveCfg = Debug|Any CPU
		{DE45D72C-5664-4C86-A85A-E3B6F6A77E5A}.Documentation|Any CPU.Build.0 = Debug|Any CPU
		{DE45D72C-5664-4C86-A85A-E3B6F6A77E5A}.Documentation|ARM.ActiveCfg = Debug|Any CPU
		{DE45D72C-5664-4C86-A85A-E3B6F6A77E5A}.Documentation|x64.ActiveCfg = Debug|Any CPU
		{DE45D72C-5664-4C86-A85A-E3B6F6A77E5A}.Documentation|x86.ActiveCfg = Debug|Any CPU
		{DE45D72C-5664-4C86-A85A-E3B6F6A77E5A}.Nsis|Any CPU.ActiveCfg = Release|Any CPU
		{DE45D72C-5664-4C86-A85A-E3B6F6A77E5A}.Nsis|Any CPU.Build.0 = Release|Any CPU
		{DE45D72C-5664-4C86-A85A-E3B6F6A77E5A}.Nsis|ARM.ActiveCfg = Release|Any CPU
		{DE45D72C-5664-4C86-A85A-E3B6F6A77E5A}.Nsis|x64.ActiveCfg = Release|Any CPU
		{DE45D72C-5664-4C86-A85A-E3B6F6A77E5A}.Nsis|x86.ActiveCfg = Release|Any CPU
		{DE45D72C-5664-4C86-A85A-E3B6F6A77E5A}.Release|Any CPU.ActiveCfg = Release|Any CPU
		{DE45D72C-5664-4C86-A85A-E3B6F6A77E5A}.Release|Any CPU.Build.0 = Release|Any CPU
		{DE45D72C-5664-4C86-A85A-E3B6F6A77E5A}.Release|ARM.ActiveCfg = Release|Any CPU
		{DE45D72C-5664-4C86-A85A-E3B6F6A77E5A}.Release|x64.ActiveCfg = Release|Any CPU
		{DE45D72C-5664-4C86-A85A-E3B6F6A77E5A}.Release|x86.ActiveCfg = Release|Any CPU
		{5842EF47-9FF5-4FD4-B152-D6020D37D722}.Debug|Any CPU.ActiveCfg = Debug|Any CPU
		{5842EF47-9FF5-4FD4-B152-D6020D37D722}.Debug|Any CPU.Build.0 = Debug|Any CPU
		{5842EF47-9FF5-4FD4-B152-D6020D37D722}.Debug|ARM.ActiveCfg = Debug|Any CPU
		{5842EF47-9FF5-4FD4-B152-D6020D37D722}.Debug|x64.ActiveCfg = Debug|Any CPU
		{5842EF47-9FF5-4FD4-B152-D6020D37D722}.Debug|x86.ActiveCfg = Debug|Any CPU
		{5842EF47-9FF5-4FD4-B152-D6020D37D722}.Documentation|Any CPU.ActiveCfg = Debug|Any CPU
		{5842EF47-9FF5-4FD4-B152-D6020D37D722}.Documentation|Any CPU.Build.0 = Debug|Any CPU
		{5842EF47-9FF5-4FD4-B152-D6020D37D722}.Documentation|ARM.ActiveCfg = Debug|Any CPU
		{5842EF47-9FF5-4FD4-B152-D6020D37D722}.Documentation|x64.ActiveCfg = Debug|Any CPU
		{5842EF47-9FF5-4FD4-B152-D6020D37D722}.Documentation|x86.ActiveCfg = Debug|Any CPU
		{5842EF47-9FF5-4FD4-B152-D6020D37D722}.Nsis|Any CPU.ActiveCfg = Release|Any CPU
		{5842EF47-9FF5-4FD4-B152-D6020D37D722}.Nsis|Any CPU.Build.0 = Release|Any CPU
		{5842EF47-9FF5-4FD4-B152-D6020D37D722}.Nsis|ARM.ActiveCfg = Release|Any CPU
		{5842EF47-9FF5-4FD4-B152-D6020D37D722}.Nsis|x64.ActiveCfg = Release|Any CPU
		{5842EF47-9FF5-4FD4-B152-D6020D37D722}.Nsis|x86.ActiveCfg = Release|Any CPU
		{5842EF47-9FF5-4FD4-B152-D6020D37D722}.Release|Any CPU.ActiveCfg = Release|Any CPU
		{5842EF47-9FF5-4FD4-B152-D6020D37D722}.Release|Any CPU.Build.0 = Release|Any CPU
		{5842EF47-9FF5-4FD4-B152-D6020D37D722}.Release|ARM.ActiveCfg = Release|Any CPU
		{5842EF47-9FF5-4FD4-B152-D6020D37D722}.Release|x64.ActiveCfg = Release|Any CPU
		{5842EF47-9FF5-4FD4-B152-D6020D37D722}.Release|x86.ActiveCfg = Release|Any CPU
		{6A43431F-6D83-4520-A220-020C20B81573}.Debug|Any CPU.ActiveCfg = Debug|Any CPU
		{6A43431F-6D83-4520-A220-020C20B81573}.Debug|Any CPU.Build.0 = Debug|Any CPU
		{6A43431F-6D83-4520-A220-020C20B81573}.Debug|ARM.ActiveCfg = Debug|Any CPU
		{6A43431F-6D83-4520-A220-020C20B81573}.Debug|x64.ActiveCfg = Debug|Any CPU
		{6A43431F-6D83-4520-A220-020C20B81573}.Debug|x86.ActiveCfg = Debug|Any CPU
		{6A43431F-6D83-4520-A220-020C20B81573}.Documentation|Any CPU.ActiveCfg = Debug|Any CPU
		{6A43431F-6D83-4520-A220-020C20B81573}.Documentation|Any CPU.Build.0 = Debug|Any CPU
		{6A43431F-6D83-4520-A220-020C20B81573}.Documentation|ARM.ActiveCfg = Debug|Any CPU
		{6A43431F-6D83-4520-A220-020C20B81573}.Documentation|x64.ActiveCfg = Debug|Any CPU
		{6A43431F-6D83-4520-A220-020C20B81573}.Documentation|x86.ActiveCfg = Debug|Any CPU
		{6A43431F-6D83-4520-A220-020C20B81573}.Nsis|Any CPU.ActiveCfg = Release|Any CPU
		{6A43431F-6D83-4520-A220-020C20B81573}.Nsis|Any CPU.Build.0 = Release|Any CPU
		{6A43431F-6D83-4520-A220-020C20B81573}.Nsis|ARM.ActiveCfg = Release|Any CPU
		{6A43431F-6D83-4520-A220-020C20B81573}.Nsis|x64.ActiveCfg = Release|Any CPU
		{6A43431F-6D83-4520-A220-020C20B81573}.Nsis|x86.ActiveCfg = Release|Any CPU
		{6A43431F-6D83-4520-A220-020C20B81573}.Release|Any CPU.ActiveCfg = Release|Any CPU
		{6A43431F-6D83-4520-A220-020C20B81573}.Release|Any CPU.Build.0 = Release|Any CPU
		{6A43431F-6D83-4520-A220-020C20B81573}.Release|ARM.ActiveCfg = Release|Any CPU
		{6A43431F-6D83-4520-A220-020C20B81573}.Release|x64.ActiveCfg = Release|Any CPU
		{6A43431F-6D83-4520-A220-020C20B81573}.Release|x86.ActiveCfg = Release|Any CPU
		{87657BE4-E568-49C7-B1EF-4173653C3FE9}.Debug|Any CPU.ActiveCfg = Debug|Any CPU
		{87657BE4-E568-49C7-B1EF-4173653C3FE9}.Debug|Any CPU.Build.0 = Debug|Any CPU
		{87657BE4-E568-49C7-B1EF-4173653C3FE9}.Debug|ARM.ActiveCfg = Debug|Any CPU
		{87657BE4-E568-49C7-B1EF-4173653C3FE9}.Debug|x64.ActiveCfg = Debug|Any CPU
		{87657BE4-E568-49C7-B1EF-4173653C3FE9}.Debug|x86.ActiveCfg = Debug|Any CPU
		{87657BE4-E568-49C7-B1EF-4173653C3FE9}.Documentation|Any CPU.ActiveCfg = Debug|Any CPU
		{87657BE4-E568-49C7-B1EF-4173653C3FE9}.Documentation|Any CPU.Build.0 = Debug|Any CPU
		{87657BE4-E568-49C7-B1EF-4173653C3FE9}.Documentation|ARM.ActiveCfg = Debug|Any CPU
		{87657BE4-E568-49C7-B1EF-4173653C3FE9}.Documentation|x64.ActiveCfg = Debug|Any CPU
		{87657BE4-E568-49C7-B1EF-4173653C3FE9}.Documentation|x86.ActiveCfg = Debug|Any CPU
		{87657BE4-E568-49C7-B1EF-4173653C3FE9}.Nsis|Any CPU.ActiveCfg = Release|Any CPU
		{87657BE4-E568-49C7-B1EF-4173653C3FE9}.Nsis|Any CPU.Build.0 = Release|Any CPU
		{87657BE4-E568-49C7-B1EF-4173653C3FE9}.Nsis|ARM.ActiveCfg = Release|Any CPU
		{87657BE4-E568-49C7-B1EF-4173653C3FE9}.Nsis|x64.ActiveCfg = Release|Any CPU
		{87657BE4-E568-49C7-B1EF-4173653C3FE9}.Nsis|x86.ActiveCfg = Release|Any CPU
		{87657BE4-E568-49C7-B1EF-4173653C3FE9}.Release|Any CPU.ActiveCfg = Release|Any CPU
		{87657BE4-E568-49C7-B1EF-4173653C3FE9}.Release|Any CPU.Build.0 = Release|Any CPU
		{87657BE4-E568-49C7-B1EF-4173653C3FE9}.Release|ARM.ActiveCfg = Release|Any CPU
		{87657BE4-E568-49C7-B1EF-4173653C3FE9}.Release|x64.ActiveCfg = Release|Any CPU
		{87657BE4-E568-49C7-B1EF-4173653C3FE9}.Release|x86.ActiveCfg = Release|Any CPU
		{FCDDBE8E-DF7E-4823-BE8B-2A1203395DEE}.Debug|Any CPU.ActiveCfg = Debug|Any CPU
		{FCDDBE8E-DF7E-4823-BE8B-2A1203395DEE}.Debug|Any CPU.Build.0 = Debug|Any CPU
		{FCDDBE8E-DF7E-4823-BE8B-2A1203395DEE}.Debug|ARM.ActiveCfg = Debug|Any CPU
		{FCDDBE8E-DF7E-4823-BE8B-2A1203395DEE}.Debug|x64.ActiveCfg = Debug|Any CPU
		{FCDDBE8E-DF7E-4823-BE8B-2A1203395DEE}.Debug|x86.ActiveCfg = Debug|Any CPU
		{FCDDBE8E-DF7E-4823-BE8B-2A1203395DEE}.Documentation|Any CPU.ActiveCfg = Debug|Any CPU
		{FCDDBE8E-DF7E-4823-BE8B-2A1203395DEE}.Documentation|Any CPU.Build.0 = Debug|Any CPU
		{FCDDBE8E-DF7E-4823-BE8B-2A1203395DEE}.Documentation|ARM.ActiveCfg = Debug|Any CPU
		{FCDDBE8E-DF7E-4823-BE8B-2A1203395DEE}.Documentation|x64.ActiveCfg = Debug|Any CPU
		{FCDDBE8E-DF7E-4823-BE8B-2A1203395DEE}.Documentation|x86.ActiveCfg = Debug|Any CPU
		{FCDDBE8E-DF7E-4823-BE8B-2A1203395DEE}.Nsis|Any CPU.ActiveCfg = Release|Any CPU
		{FCDDBE8E-DF7E-4823-BE8B-2A1203395DEE}.Nsis|Any CPU.Build.0 = Release|Any CPU
		{FCDDBE8E-DF7E-4823-BE8B-2A1203395DEE}.Nsis|ARM.ActiveCfg = Release|Any CPU
		{FCDDBE8E-DF7E-4823-BE8B-2A1203395DEE}.Nsis|x64.ActiveCfg = Release|Any CPU
		{FCDDBE8E-DF7E-4823-BE8B-2A1203395DEE}.Nsis|x86.ActiveCfg = Release|Any CPU
		{FCDDBE8E-DF7E-4823-BE8B-2A1203395DEE}.Release|Any CPU.ActiveCfg = Release|Any CPU
		{FCDDBE8E-DF7E-4823-BE8B-2A1203395DEE}.Release|Any CPU.Build.0 = Release|Any CPU
		{FCDDBE8E-DF7E-4823-BE8B-2A1203395DEE}.Release|ARM.ActiveCfg = Release|Any CPU
		{FCDDBE8E-DF7E-4823-BE8B-2A1203395DEE}.Release|x64.ActiveCfg = Release|Any CPU
		{FCDDBE8E-DF7E-4823-BE8B-2A1203395DEE}.Release|x86.ActiveCfg = Release|Any CPU
		{ADFBB513-62C4-4E48-A226-2C8CC8A84146}.Debug|Any CPU.ActiveCfg = Debug|Any CPU
		{ADFBB513-62C4-4E48-A226-2C8CC8A84146}.Debug|Any CPU.Build.0 = Debug|Any CPU
		{ADFBB513-62C4-4E48-A226-2C8CC8A84146}.Debug|ARM.ActiveCfg = Debug|Any CPU
		{ADFBB513-62C4-4E48-A226-2C8CC8A84146}.Debug|x64.ActiveCfg = Debug|Any CPU
		{ADFBB513-62C4-4E48-A226-2C8CC8A84146}.Debug|x86.ActiveCfg = Debug|Any CPU
		{ADFBB513-62C4-4E48-A226-2C8CC8A84146}.Documentation|Any CPU.ActiveCfg = Debug|Any CPU
		{ADFBB513-62C4-4E48-A226-2C8CC8A84146}.Documentation|Any CPU.Build.0 = Debug|Any CPU
		{ADFBB513-62C4-4E48-A226-2C8CC8A84146}.Documentation|ARM.ActiveCfg = Debug|Any CPU
		{ADFBB513-62C4-4E48-A226-2C8CC8A84146}.Documentation|x64.ActiveCfg = Debug|Any CPU
		{ADFBB513-62C4-4E48-A226-2C8CC8A84146}.Documentation|x86.ActiveCfg = Debug|Any CPU
		{ADFBB513-62C4-4E48-A226-2C8CC8A84146}.Nsis|Any CPU.ActiveCfg = Release|Any CPU
		{ADFBB513-62C4-4E48-A226-2C8CC8A84146}.Nsis|Any CPU.Build.0 = Release|Any CPU
		{ADFBB513-62C4-4E48-A226-2C8CC8A84146}.Nsis|ARM.ActiveCfg = Release|Any CPU
		{ADFBB513-62C4-4E48-A226-2C8CC8A84146}.Nsis|x64.ActiveCfg = Release|Any CPU
		{ADFBB513-62C4-4E48-A226-2C8CC8A84146}.Nsis|x86.ActiveCfg = Release|Any CPU
		{ADFBB513-62C4-4E48-A226-2C8CC8A84146}.Release|Any CPU.ActiveCfg = Release|Any CPU
		{ADFBB513-62C4-4E48-A226-2C8CC8A84146}.Release|Any CPU.Build.0 = Release|Any CPU
		{ADFBB513-62C4-4E48-A226-2C8CC8A84146}.Release|ARM.ActiveCfg = Release|Any CPU
		{ADFBB513-62C4-4E48-A226-2C8CC8A84146}.Release|x64.ActiveCfg = Release|Any CPU
		{ADFBB513-62C4-4E48-A226-2C8CC8A84146}.Release|x86.ActiveCfg = Release|Any CPU
		{2789B9EC-31C2-4A52-B7DC-C506C2481F56}.Debug|Any CPU.ActiveCfg = Debug|Any CPU
		{2789B9EC-31C2-4A52-B7DC-C506C2481F56}.Debug|Any CPU.Build.0 = Debug|Any CPU
		{2789B9EC-31C2-4A52-B7DC-C506C2481F56}.Debug|ARM.ActiveCfg = Debug|Any CPU
		{2789B9EC-31C2-4A52-B7DC-C506C2481F56}.Debug|x64.ActiveCfg = Debug|Any CPU
		{2789B9EC-31C2-4A52-B7DC-C506C2481F56}.Debug|x86.ActiveCfg = Debug|Any CPU
		{2789B9EC-31C2-4A52-B7DC-C506C2481F56}.Documentation|Any CPU.ActiveCfg = Debug|Any CPU
		{2789B9EC-31C2-4A52-B7DC-C506C2481F56}.Documentation|Any CPU.Build.0 = Debug|Any CPU
		{2789B9EC-31C2-4A52-B7DC-C506C2481F56}.Documentation|ARM.ActiveCfg = Debug|Any CPU
		{2789B9EC-31C2-4A52-B7DC-C506C2481F56}.Documentation|x64.ActiveCfg = Debug|Any CPU
		{2789B9EC-31C2-4A52-B7DC-C506C2481F56}.Documentation|x86.ActiveCfg = Debug|Any CPU
		{2789B9EC-31C2-4A52-B7DC-C506C2481F56}.Nsis|Any CPU.ActiveCfg = Release|Any CPU
		{2789B9EC-31C2-4A52-B7DC-C506C2481F56}.Nsis|Any CPU.Build.0 = Release|Any CPU
		{2789B9EC-31C2-4A52-B7DC-C506C2481F56}.Nsis|ARM.ActiveCfg = Release|Any CPU
		{2789B9EC-31C2-4A52-B7DC-C506C2481F56}.Nsis|x64.ActiveCfg = Release|Any CPU
		{2789B9EC-31C2-4A52-B7DC-C506C2481F56}.Nsis|x86.ActiveCfg = Release|Any CPU
		{2789B9EC-31C2-4A52-B7DC-C506C2481F56}.Release|Any CPU.ActiveCfg = Release|Any CPU
		{2789B9EC-31C2-4A52-B7DC-C506C2481F56}.Release|Any CPU.Build.0 = Release|Any CPU
		{2789B9EC-31C2-4A52-B7DC-C506C2481F56}.Release|ARM.ActiveCfg = Release|Any CPU
		{2789B9EC-31C2-4A52-B7DC-C506C2481F56}.Release|x64.ActiveCfg = Release|Any CPU
		{2789B9EC-31C2-4A52-B7DC-C506C2481F56}.Release|x86.ActiveCfg = Release|Any CPU
	EndGlobalSection
	GlobalSection(SolutionProperties) = preSolution
		HideSolutionNode = FALSE
	EndGlobalSection
	GlobalSection(NestedProjects) = preSolution
		{8010E18C-F2AB-481E-AB5E-CF8C9F4AB2D3} = {A34EA762-BA92-4D29-89B5-57967BBABDDC}
		{51C47888-676D-4A84-90FF-DA15ABB29559} = {A34EA762-BA92-4D29-89B5-57967BBABDDC}
		{6A43431F-6D83-4520-A220-020C20B81573} = {A34EA762-BA92-4D29-89B5-57967BBABDDC}
		{87657BE4-E568-49C7-B1EF-4173653C3FE9} = {A34EA762-BA92-4D29-89B5-57967BBABDDC}
		{FCDDBE8E-DF7E-4823-BE8B-2A1203395DEE} = {A34EA762-BA92-4D29-89B5-57967BBABDDC}
		{ADFBB513-62C4-4E48-A226-2C8CC8A84146} = {A34EA762-BA92-4D29-89B5-57967BBABDDC}
		{2789B9EC-31C2-4A52-B7DC-C506C2481F56} = {A34EA762-BA92-4D29-89B5-57967BBABDDC}
	EndGlobalSection
EndGlobal
